// !$*UTF8*$!
{
	archiveVersion = 1;
	classes = {
	};
	objectVersion = 46;
	objects = {

/* Begin PBXBuildFile section */
		321468D31EAE098500C67597 /* CollectionViewCell.swift in Sources */ = {isa = PBXBuildFile; fileRef = 321468D21EAE098500C67597 /* CollectionViewCell.swift */; };
		321468D51EAE17CB00C67597 /* ImageViewController.swift in Sources */ = {isa = PBXBuildFile; fileRef = 321468D41EAE17CB00C67597 /* ImageViewController.swift */; };
		325A85421EAE07CC00FA36A8 /* AppDelegate.swift in Sources */ = {isa = PBXBuildFile; fileRef = 325A85411EAE07CC00FA36A8 /* AppDelegate.swift */; };
		325A85441EAE07CC00FA36A8 /* ViewController.swift in Sources */ = {isa = PBXBuildFile; fileRef = 325A85431EAE07CC00FA36A8 /* ViewController.swift */; };
		325A85471EAE07CC00FA36A8 /* Main.storyboard in Resources */ = {isa = PBXBuildFile; fileRef = 325A85451EAE07CC00FA36A8 /* Main.storyboard */; };
		325A85491EAE07CC00FA36A8 /* Assets.xcassets in Resources */ = {isa = PBXBuildFile; fileRef = 325A85481EAE07CC00FA36A8 /* Assets.xcassets */; };
		325A854C1EAE07CC00FA36A8 /* LaunchScreen.storyboard in Resources */ = {isa = PBXBuildFile; fileRef = 325A854A1EAE07CC00FA36A8 /* LaunchScreen.storyboard */; };
/* End PBXBuildFile section */

/* Begin PBXFileReference section */
		321468D21EAE098500C67597 /* CollectionViewCell.swift */ = {isa = PBXFileReference; fileEncoding = 4; lastKnownFileType = sourcecode.swift; path = CollectionViewCell.swift; sourceTree = "<group>"; };
		321468D41EAE17CB00C67597 /* ImageViewController.swift */ = {isa = PBXFileReference; fileEncoding = 4; lastKnownFileType = sourcecode.swift; path = ImageViewController.swift; sourceTree = "<group>"; };
		325A853E1EAE07CC00FA36A8 /* Media Player.app */ = {isa = PBXFileReference; explicitFileType = wrapper.application; includeInIndex = 0; path = "Media Player.app"; sourceTree = BUILT_PRODUCTS_DIR; };
		325A85411EAE07CC00FA36A8 /* AppDelegate.swift */ = {isa = PBXFileReference; lastKnownFileType = sourcecode.swift; path = AppDelegate.swift; sourceTree = "<group>"; };
		325A85431EAE07CC00FA36A8 /* ViewController.swift */ = {isa = PBXFileReference; lastKnownFileType = sourcecode.swift; path = ViewController.swift; sourceTree = "<group>"; };
		325A85461EAE07CC00FA36A8 /* Base */ = {isa = PBXFileReference; lastKnownFileType = file.storyboard; name = Base; path = Base.lproj/Main.storyboard; sourceTree = "<group>"; };
		325A85481EAE07CC00FA36A8 /* Assets.xcassets */ = {isa = PBXFileReference; lastKnownFileType = folder.assetcatalog; path = Assets.xcassets; sourceTree = "<group>"; };
		325A854B1EAE07CC00FA36A8 /* Base */ = {isa = PBXFileReference; lastKnownFileType = file.storyboard; name = Base; path = Base.lproj/LaunchScreen.storyboard; sourceTree = "<group>"; };
		325A854D1EAE07CC00FA36A8 /* Info.plist */ = {isa = PBXFileReference; lastKnownFileType = text.plist.xml; path = Info.plist; sourceTree = "<group>"; };
/* End PBXFileReference section */

/* Begin PBXFrameworksBuildPhase section */
		325A853B1EAE07CC00FA36A8 /* Frameworks */ = {
			isa = PBXFrameworksBuildPhase;
			buildActionMask = 2147483647;
			files = (
			);
			runOnlyForDeploymentPostprocessing = 0;
		};
/* End PBXFrameworksBuildPhase section */

/* Begin PBXGroup section */
		325A85351EAE07CC00FA36A8 = {
			isa = PBXGroup;
			children = (
				325A85401EAE07CC00FA36A8 /* Media Player */,
				325A853F1EAE07CC00FA36A8 /* Products */,
			);
			sourceTree = "<group>";
		};
		325A853F1EAE07CC00FA36A8 /* Products */ = {
			isa = PBXGroup;
			children = (
				325A853E1EAE07CC00FA36A8 /* Media Player.app */,
			);
			name = Products;
			sourceTree = "<group>";
		};
		325A85401EAE07CC00FA36A8 /* Media Player */ = {
			isa = PBXGroup;
			children = (
				325A85411EAE07CC00FA36A8 /* AppDelegate.swift */,
				325A85431EAE07CC00FA36A8 /* ViewController.swift */,
				325A85451EAE07CC00FA36A8 /* Main.storyboard */,
				321468D41EAE17CB00C67597 /* ImageViewController.swift */,
				321468D21EAE098500C67597 /* CollectionViewCell.swift */,
				325A85481EAE07CC00FA36A8 /* Assets.xcassets */,
				325A854A1EAE07CC00FA36A8 /* LaunchScreen.storyboard */,
				325A854D1EAE07CC00FA36A8 /* Info.plist */,
			);
			path = "Media Player";
			sourceTree = "<group>";
		};
/* End PBXGroup section */

/* Begin PBXNativeTarget section */
		325A853D1EAE07CC00FA36A8 /* Media Player */ = {
			isa = PBXNativeTarget;
			buildConfigurationList = 325A85501EAE07CC00FA36A8 /* Build configuration list for PBXNativeTarget "Media Player" */;
			buildPhases = (
				325A853A1EAE07CC00FA36A8 /* Sources */,
				325A853B1EAE07CC00FA36A8 /* Frameworks */,
				325A853C1EAE07CC00FA36A8 /* Resources */,
			);
			buildRules = (
			);
			dependencies = (
			);
			name = "Media Player";
			productName = "Media Player";
			productReference = 325A853E1EAE07CC00FA36A8 /* Media Player.app */;
			productType = "com.apple.product-type.application";
		};
/* End PBXNativeTarget section */

/* Begin PBXProject section */
		325A85361EAE07CC00FA36A8 /* Project object */ = {
			isa = PBXProject;
			attributes = {
				LastSwiftUpdateCheck = 0820;
				LastUpgradeCheck = 0820;
				ORGANIZATIONNAME = "Levchuk Misha";
				TargetAttributes = {
					325A853D1EAE07CC00FA36A8 = {
						CreatedOnToolsVersion = 8.2;
						DevelopmentTeam = EDG9RYZ466;
						ProvisioningStyle = Automatic;
					};
				};
			};
			buildConfigurationList = 325A85391EAE07CC00FA36A8 /* Build configuration list for PBXProject "Media Player" */;
			compatibilityVersion = "Xcode 3.2";
			developmentRegion = English;
			hasScannedForEncodings = 0;
			knownRegions = (
				en,
				Base,
			);
			mainGroup = 325A85351EAE07CC00FA36A8;
			productRefGroup = 325A853F1EAE07CC00FA36A8 /* Products */;
			projectDirPath = "";
			projectRoot = "";
			targets = (
				325A853D1EAE07CC00FA36A8 /* Media Player */,
			);
		};
/* End PBXProject section */

/* Begin PBXResourcesBuildPhase section */
		325A853C1EAE07CC00FA36A8 /* Resources */ = {
			isa = PBXResourcesBuildPhase;
			buildActionMask = 2147483647;
			files = (
				325A854C1EAE07CC00FA36A8 /* LaunchScreen.storyboard in Resources */,
				325A85491EAE07CC00FA36A8 /* Assets.xcassets in Resources */,
				325A85471EAE07CC00FA36A8 /* Main.storyboard in Resources */,
			);
			runOnlyForDeploymentPostprocessing = 0;
		};
/* End PBXResourcesBuildPhase section */

/* Begin PBXSourcesBuildPhase section */
		325A853A1EAE07CC00FA36A8 /* Sources */ = {
			isa = PBXSourcesBuildPhase;
			buildActionMask = 2147483647;
			files = (
				325A85441EAE07CC00FA36A8 /* ViewController.swift in Sources */,
				325A85421EAE07CC00FA36A8 /* AppDelegate.swift in Sources */,
				321468D51EAE17CB00C67597 /* ImageViewController.swift in Sources */,
				321468D31EAE098500C67597 /* CollectionViewCell.swift in Sources */,
			);
			runOnlyForDeploymentPostprocessing = 0;
		};
/* End PBXSourcesBuildPhase section */

/* Begin PBXVariantGroup section */
		325A85451EAE07CC00FA36A8 /* Main.storyboard */ = {
			isa = PBXVariantGroup;
			children = (
				325A85461EAE07CC00FA36A8 /* Base */,
			);
			name = Main.storyboard;
			sourceTree = "<group>";
		};
		325A854A1EAE07CC00FA36A8 /* LaunchScreen.storyboard */ = {
			isa = PBXVariantGroup;
			children = (
				325A854B1EAE07CC00FA36A8 /* Base */,
			);
			name = LaunchScreen.storyboard;
			sourceTree = "<group>";
		};
/* End PBXVariantGroup section */

/* Begin XCBuildConfiguration section */
		325A854E1EAE07CC00FA36A8 /* Debug */ = {
			isa = XCBuildConfiguration;
			buildSettings = {
				ALWAYS_SEARCH_USER_PATHS = NO;
				CLANG_ANALYZER_NONNULL = YES;
				CLANG_CXX_LANGUAGE_STANDARD = "gnu++0x";
				CLANG_CXX_LIBRARY = "libc++";
				CLANG_ENABLE_MODULES = YES;
				CLANG_ENABLE_OBJC_ARC = YES;
				CLANG_WARN_BOOL_CONVERSION = YES;
				CLANG_WARN_CONSTANT_CONVERSION = YES;
				CLANG_WARN_DIRECT_OBJC_ISA_USAGE = YES_ERROR;
				CLANG_WARN_DOCUMENTATION_COMMENTS = YES;
				CLANG_WARN_EMPTY_BODY = YES;
				CLANG_WARN_ENUM_CONVERSION = YES;
				CLANG_WARN_INFINITE_RECURSION = YES;
				CLANG_WARN_INT_CONVERSION = YES;
				CLANG_WARN_OBJC_ROOT_CLASS = YES_ERROR;
				CLANG_WARN_SUSPICIOUS_MOVE = YES;
				CLANG_WARN_UNREACHABLE_CODE = YES;
				CLANG_WARN__DUPLICATE_METHOD_MATCH = YES;
				"CODE_SIGN_IDENTITY[sdk=iphoneos*]" = "iPhone Developer";
				COPY_PHASE_STRIP = NO;
				DEBUG_INFORMATION_FORMAT = dwarf;
				ENABLE_STRICT_OBJC_MSGSEND = YES;
				ENABLE_TESTABILITY = YES;
				GCC_C_LANGUAGE_STANDARD = gnu99;
				GCC_DYNAMIC_NO_PIC = NO;
				GCC_NO_COMMON_BLOCKS = YES;
				GCC_OPTIMIZATION_LEVEL = 0;
				GCC_PREPROCESSOR_DEFINITIONS = (
					"DEBUG=1",
					"$(inherited)",
				);
				GCC_WARN_64_TO_32_BIT_CONVERSION = YES;
				GCC_WARN_ABOUT_RETURN_TYPE = YES_ERROR;
				GCC_WARN_UNDECLARED_SELECTOR = YES;
				GCC_WARN_UNINITIALIZED_AUTOS = YES_AGGRESSIVE;
				GCC_WARN_UNUSED_FUNCTION = YES;
				GCC_WARN_UNUSED_VARIABLE = YES;
				IPHONEOS_DEPLOYMENT_TARGET = 10.2;
				MTL_ENABLE_DEBUG_INFO = YES;
				ONLY_ACTIVE_ARCH = YES;
				SDKROOT = iphoneos;
				SWIFT_ACTIVE_COMPILATION_CONDITIONS = DEBUG;
				SWIFT_OPTIMIZATION_LEVEL = "-Onone";
				TARGETED_DEVICE_FAMILY = "1,2";
			};
			name = Debug;
		};
		325A854F1EAE07CC00FA36A8 /* Release */ = {
			isa = XCBuildConfiguration;
			buildSettings = {
				ALWAYS_SEARCH_USER_PATHS = NO;
				CLANG_ANALYZER_NONNULL = YES;
				CLANG_CXX_LANGUAGE_STANDARD = "gnu++0x";
				CLANG_CXX_LIBRARY = "libc++";
				CLANG_ENABLE_MODULES = YES;
				CLANG_ENABLE_OBJC_ARC = YES;
				CLANG_WARN_BOOL_CONVERSION = YES;
				CLANG_WARN_CONSTANT_CONVERSION = YES;
				CLANG_WARN_DIRECT_OBJC_ISA_USAGE = YES_ERROR;
				CLANG_WARN_DOCUMENTATION_COMMENTS = YES;
				CLANG_WARN_EMPTY_BODY = YES;
				CLANG_WARN_ENUM_CONVERSION = YES;
				CLANG_WARN_INFINITE_RECURSION = YES;
				CLANG_WARN_INT_CONVERSION = YES;
				CLANG_WARN_OBJC_ROOT_CLASS = YES_ERROR;
				CLANG_WARN_SUSPICIOUS_MOVE = YES;
				CLANG_WARN_UNREACHABLE_CODE = YES;
				CLANG_WARN__DUPLICATE_METHOD_MATCH = YES;
				"CODE_SIGN_IDENTITY[sdk=iphoneos*]" = "iPhone Developer";
				COPY_PHASE_STRIP = NO;
				DEBUG_INFORMATION_FORMAT = "dwarf-with-dsym";
				ENABLE_NS_ASSERTIONS = NO;
				ENABLE_STRICT_OBJC_MSGSEND = YES;
				GCC_C_LANGUAGE_STANDARD = gnu99;
				GCC_NO_COMMON_BLOCKS = YES;
				GCC_WARN_64_TO_32_BIT_CONVERSION = YES;
				GCC_WARN_ABOUT_RETURN_TYPE = YES_ERROR;
				GCC_WARN_UNDECLARED_SELECTOR = YES;
				GCC_WARN_UNINITIALIZED_AUTOS = YES_AGGRESSIVE;
				GCC_WARN_UNUSED_FUNCTION = YES;
				GCC_WARN_UNUSED_VARIABLE = YES;
				IPHONEOS_DEPLOYMENT_TARGET = 10.2;
				MTL_ENABLE_DEBUG_INFO = NO;
				SDKROOT = iphoneos;
				SWIFT_OPTIMIZATION_LEVEL = "-Owholemodule";
				TARGETED_DEVICE_FAMILY = "1,2";
				VALIDATE_PRODUCT = YES;
			};
			name = Release;
		};
		325A85511EAE07CC00FA36A8 /* Debug */ = {
			isa = XCBuildConfiguration;
			buildSettings = {
				ASSETCATALOG_COMPILER_APPICON_NAME = AppIcon;
				DEVELOPMENT_TEAM = EDG9RYZ466;
				INFOPLIST_FILE = "Media Player/Info.plist";
				IPHONEOS_DEPLOYMENT_TARGET = 10.0;
				LD_RUNPATH_SEARCH_PATHS = "$(inherited) @executable_path/Frameworks";
				PRODUCT_BUNDLE_IDENTIFIER = "iX0ness.Media-Player";
				PRODUCT_NAME = "$(TARGET_NAME)";
				SWIFT_VERSION = 3.0;
			};
			name = Debug;
		};
		325A85521EAE07CC00FA36A8 /* Release */ = {
			isa = XCBuildConfiguration;
			buildSettings = {
				ASSETCATALOG_COMPILER_APPICON_NAME = AppIcon;
				DEVELOPMENT_TEAM = EDG9RYZ466;
				INFOPLIST_FILE = "Media Player/Info.plist";
				IPHONEOS_DEPLOYMENT_TARGET = 10.0;
				LD_RUNPATH_SEARCH_PATHS = "$(inherited) @executable_path/Frameworks";
				PRODUCT_BUNDLE_IDENTIFIER = "iX0ness.Media-Player";
				PRODUCT_NAME = "$(TARGET_NAME)";
				SWIFT_VERSION = 3.0;
			};
			name = Release;
		};
/* End XCBuildConfiguration section */

/* Begin XCConfigurationList section */
		325A85391EAE07CC00FA36A8 /* Build configuration list for PBXProject "Media Player" */ = {
			isa = XCConfigurationList;
			buildConfigurations = (
				325A854E1EAE07CC00FA36A8 /* Debug */,
				325A854F1EAE07CC00FA36A8 /* Release */,
			);
			defaultConfigurationIsVisible = 0;
			defaultConfigurationName = Release;
		};
		325A85501EAE07CC00FA36A8 /* Build configuration list for PBXNativeTarget "Media Player" */ = {
			isa = XCConfigurationList;
			buildConfigurations = (
				325A85511EAE07CC00FA36A8 /* Debug */,
				325A85521EAE07CC00FA36A8 /* Release */,
			);
			defaultConfigurationIsVisible = 0;
			defaultConfigurationName = Release;
		};
/* End XCConfigurationList section */
	};
	rootObject = 325A85361EAE07CC00FA36A8 /* Project object */;
}
